// !$*UTF8*$!
{
	archiveVersion = 1;
	classes = {
	};
	objectVersion = 46;
	objects = {

/* Begin PBXBuildFile section */
		181DA9E21B0CC91100584174 /* s_1 in Resources */ = {isa = PBXBuildFile; fileRef = 181DA9DD1B0CC91100584174 /* s_1 */; };
		181DA9E31B0CC91100584174 /* s_2_InputMethod in Resources */ = {isa = PBXBuildFile; fileRef = 181DA9DE1B0CC91100584174 /* s_2_InputMethod */; };
		181DA9E41B0CC91100584174 /* s_2_Navi in Resources */ = {isa = PBXBuildFile; fileRef = 181DA9DF1B0CC91100584174 /* s_2_Navi */; };
		181DA9E51B0CC91100584174 /* bdasr_temp_license.dat in Resources */ = {isa = PBXBuildFile; fileRef = 181DA9E11B0CC91100584174 /* bdasr_temp_license.dat */; };
		187E9A30183B088700FE4140 /* example_localRecord.pcm in Resources */ = {isa = PBXBuildFile; fileRef = 187E9A2F183B088700FE4140 /* example_localRecord.pcm */; };
		18A96949186731CC00428196 /* CADebugMacros.cpp in Sources */ = {isa = PBXBuildFile; fileRef = 18A96942186731CC00428196 /* CADebugMacros.cpp */; };
		18A9694A186731CC00428196 /* CAStreamBasicDescription.cpp in Sources */ = {isa = PBXBuildFile; fileRef = 18A96945186731CC00428196 /* CAStreamBasicDescription.cpp */; };
		18A9694B186731CC00428196 /* CAXException.cpp in Sources */ = {isa = PBXBuildFile; fileRef = 18A96947186731CC00428196 /* CAXException.cpp */; };
		18B2D00C191BB9C800771137 /* libBDVoiceRecognitionClient.a in Frameworks */ = {isa = PBXBuildFile; fileRef = 18B2D00A191BB98000771137 /* libBDVoiceRecognitionClient.a */; };
		30BE12891B2974F100C27525 /* CoreTelephony.framework in Frameworks */ = {isa = PBXBuildFile; fileRef = 30BE12881B2974F100C27525 /* CoreTelephony.framework */; };
		830BEB54180BC56400FB7803 /* TTTAttributedLabel.m in Sources */ = {isa = PBXBuildFile; fileRef = 830BEB53180BC56400FB7803 /* TTTAttributedLabel.m */; settings = {COMPILER_FLAGS = "-fobjc-arc"; }; };
		830BEB59180BD36100FB7803 /* icon.png in Resources */ = {isa = PBXBuildFile; fileRef = 830BEB57180BD36100FB7803 /* icon.png */; };
		830BEB5A180BD36100FB7803 /* icon@2x.png in Resources */ = {isa = PBXBuildFile; fileRef = 830BEB58180BD36100FB7803 /* icon@2x.png */; };
		830BEB5D180C04E800FB7803 /* BDVRPickerTableViewCell.m in Sources */ = {isa = PBXBuildFile; fileRef = 830BEB5C180C04E800FB7803 /* BDVRPickerTableViewCell.m */; };
		832D56FA17F1621E00D3FD82 /* UIKit.framework in Frameworks */ = {isa = PBXBuildFile; fileRef = 832D56F917F1621E00D3FD82 /* UIKit.framework */; };
		832D56FC17F1621E00D3FD82 /* Foundation.framework in Frameworks */ = {isa = PBXBuildFile; fileRef = 832D56FB17F1621E00D3FD82 /* Foundation.framework */; };
		832D56FE17F1621E00D3FD82 /* CoreGraphics.framework in Frameworks */ = {isa = PBXBuildFile; fileRef = 832D56FD17F1621E00D3FD82 /* CoreGraphics.framework */; };
		832D570417F1621E00D3FD82 /* InfoPlist.strings in Resources */ = {isa = PBXBuildFile; fileRef = 832D570217F1621E00D3FD82 /* InfoPlist.strings */; };
		832D570617F1621E00D3FD82 /* main.m in Sources */ = {isa = PBXBuildFile; fileRef = 832D570517F1621E00D3FD82 /* main.m */; };
		832D570C17F1621E00D3FD82 /* Default.png in Resources */ = {isa = PBXBuildFile; fileRef = 832D570B17F1621E00D3FD82 /* Default.png */; };
		832D570E17F1621E00D3FD82 /* Default@2x.png in Resources */ = {isa = PBXBuildFile; fileRef = 832D570D17F1621E00D3FD82 /* Default@2x.png */; };
		832D571017F1621E00D3FD82 /* Default-568h@2x.png in Resources */ = {isa = PBXBuildFile; fileRef = 832D570F17F1621E00D3FD82 /* Default-568h@2x.png */; };
		832D571617F1621E00D3FD82 /* BDVRViewController.xib in Resources */ = {isa = PBXBuildFile; fileRef = 832D571417F1621E00D3FD82 /* BDVRViewController.xib */; };
		832D572517F165F100D3FD82 /* BDVRAppDelegate.m in Sources */ = {isa = PBXBuildFile; fileRef = 832D571E17F165F100D3FD82 /* BDVRAppDelegate.m */; };
		832D572617F165F100D3FD82 /* BDVRSettingViewController.m in Sources */ = {isa = PBXBuildFile; fileRef = 832D572217F165F100D3FD82 /* BDVRSettingViewController.m */; };
		832D572717F165F100D3FD82 /* BDVRViewController.m in Sources */ = {isa = PBXBuildFile; fileRef = 832D572417F165F100D3FD82 /* BDVRViewController.m */; };
		832D572A17F166FE00D3FD82 /* BDVRSConfig.m in Sources */ = {isa = PBXBuildFile; fileRef = 832D572917F166FE00D3FD82 /* BDVRSConfig.m */; };
		832D575F17F1692A00D3FD82 /* CFNetwork.framework in Frameworks */ = {isa = PBXBuildFile; fileRef = 832D575E17F1692A00D3FD82 /* CFNetwork.framework */; };
		832D576117F1693000D3FD82 /* AVFoundation.framework in Frameworks */ = {isa = PBXBuildFile; fileRef = 832D576017F1693000D3FD82 /* AVFoundation.framework */; };
		832D576317F1693800D3FD82 /* AudioToolbox.framework in Frameworks */ = {isa = PBXBuildFile; fileRef = 832D576217F1693800D3FD82 /* AudioToolbox.framework */; };
		832D576517F1694200D3FD82 /* Security.framework in Frameworks */ = {isa = PBXBuildFile; fileRef = 832D576417F1694200D3FD82 /* Security.framework */; };
		832D576717F1694A00D3FD82 /* libz.1.2.5.dylib in Frameworks */ = {isa = PBXBuildFile; fileRef = 832D576617F1694A00D3FD82 /* libz.1.2.5.dylib */; };
		832D576917F1696600D3FD82 /* SystemConfiguration.framework in Frameworks */ = {isa = PBXBuildFile; fileRef = 832D576817F1696500D3FD82 /* SystemConfiguration.framework */; };
		832D576B17F1698700D3FD82 /* MobileCoreServices.framework in Frameworks */ = {isa = PBXBuildFile; fileRef = 832D576A17F1698700D3FD82 /* MobileCoreServices.framework */; };
		832D576D17F16B3700D3FD82 /* Localizable.strings in Resources */ = {isa = PBXBuildFile; fileRef = 832D576C17F16B3700D3FD82 /* Localizable.strings */; };
		83E227CB17F419E50049A216 /* bdvrclosed.png in Resources */ = {isa = PBXBuildFile; fileRef = 83E227B917F419E50049A216 /* bdvrclosed.png */; };
		83E227CC17F419E50049A216 /* bdvrclosed@2x.png in Resources */ = {isa = PBXBuildFile; fileRef = 83E227BA17F419E50049A216 /* bdvrclosed@2x.png */; };
		83E227CD17F419E50049A216 /* bdvrclosed_highlight.png in Resources */ = {isa = PBXBuildFile; fileRef = 83E227BB17F419E50049A216 /* bdvrclosed_highlight.png */; };
		83E227CE17F419E50049A216 /* bdvrclosed_highlight@2x.png in Resources */ = {isa = PBXBuildFile; fileRef = 83E227BC17F419E50049A216 /* bdvrclosed_highlight@2x.png */; };
		83E227CF17F419E50049A216 /* bdvrdialoganmition_mask@2x.png in Resources */ = {isa = PBXBuildFile; fileRef = 83E227BD17F419E50049A216 /* bdvrdialoganmition_mask@2x.png */; };
		83E227D017F419E50049A216 /* bdvrdialogbg@2x.png in Resources */ = {isa = PBXBuildFile; fileRef = 83E227BE17F419E50049A216 /* bdvrdialogbg@2x.png */; };
		83E227D117F419E50049A216 /* bdvrleftbutton@2x.png in Resources */ = {isa = PBXBuildFile; fileRef = 83E227BF17F419E50049A216 /* bdvrleftbutton@2x.png */; };
		83E227D217F419E50049A216 /* bdvrleftbutton_highlight.png in Resources */ = {isa = PBXBuildFile; fileRef = 83E227C017F419E50049A216 /* bdvrleftbutton_highlight.png */; };
		83E227D317F419E50049A216 /* bdvrleftbutton_highlight@2x.png in Resources */ = {isa = PBXBuildFile; fileRef = 83E227C117F419E50049A216 /* bdvrleftbutton_highlight@2x.png */; };
		83E227D417F419E50049A216 /* bdvrrightbtn.png in Resources */ = {isa = PBXBuildFile; fileRef = 83E227C217F419E50049A216 /* bdvrrightbtn.png */; };
		83E227D517F419E50049A216 /* bdvrrightbtn@2x.png in Resources */ = {isa = PBXBuildFile; fileRef = 83E227C317F419E50049A216 /* bdvrrightbtn@2x.png */; };
		83E227D617F419E50049A216 /* bdvrrightbtn_highlight.png in Resources */ = {isa = PBXBuildFile; fileRef = 83E227C417F419E50049A216 /* bdvrrightbtn_highlight.png */; };
		83E227D717F419E50049A216 /* bdvrrightbtn_highlight@2x.png in Resources */ = {isa = PBXBuildFile; fileRef = 83E227C517F419E50049A216 /* bdvrrightbtn_highlight@2x.png */; };
		83E227D817F419E50049A216 /* bdvrwholebtb@2x.png in Resources */ = {isa = PBXBuildFile; fileRef = 83E227C617F419E50049A216 /* bdvrwholebtb@2x.png */; };
		83E227D917F419E50049A216 /* bdvrwholebtn_highlight.png in Resources */ = {isa = PBXBuildFile; fileRef = 83E227C717F419E50049A216 /* bdvrwholebtn_highlight.png */; };
		83E227DA17F419E50049A216 /* bdvrwholebtn_highlight@2x.png in Resources */ = {isa = PBXBuildFile; fileRef = 83E227C817F419E50049A216 /* bdvrwholebtn_highlight@2x.png */; };
		83E227E417F4222A0049A216 /* BDVRCustomRecognitonViewController.mm in Sources */ = {isa = PBXBuildFile; fileRef = 83E227DF17F4222A0049A216 /* BDVRCustomRecognitonViewController.mm */; };
		83E227E517F4222A0049A216 /* BDVRClientUIManager.m in Sources */ = {isa = PBXBuildFile; fileRef = 83E227E117F4222A0049A216 /* BDVRClientUIManager.m */; };
		83E227EC17F428880049A216 /* microphone@2x.png in Resources */ = {isa = PBXBuildFile; fileRef = 83E227E817F428880049A216 /* microphone@2x.png */; };
		83E227ED17F428880049A216 /* recognitionBackground@2x.png in Resources */ = {isa = PBXBuildFile; fileRef = 83E227E917F428880049A216 /* recognitionBackground@2x.png */; };
		83E227EE17F428880049A216 /* recognitionIcon@2x.png in Resources */ = {isa = PBXBuildFile; fileRef = 83E227EA17F428880049A216 /* recognitionIcon@2x.png */; };
		83E227EF17F428880049A216 /* recordBackground@2x.png in Resources */ = {isa = PBXBuildFile; fileRef = 83E227EB17F428880049A216 /* recordBackground@2x.png */; };
		83E227F417F42BC10049A216 /* microphone.png in Resources */ = {isa = PBXBuildFile; fileRef = 83E227F017F42BC10049A216 /* microphone.png */; };
		83E227F517F42BC10049A216 /* recognitionBackground.png in Resources */ = {isa = PBXBuildFile; fileRef = 83E227F117F42BC10049A216 /* recognitionBackground.png */; };
		83E227F617F42BC10049A216 /* recognitionIcon.png in Resources */ = {isa = PBXBuildFile; fileRef = 83E227F217F42BC10049A216 /* recognitionIcon.png */; };
		83E227F717F42BC10049A216 /* recordBackground.png in Resources */ = {isa = PBXBuildFile; fileRef = 83E227F317F42BC10049A216 /* recordBackground.png */; };
		83FD68FB17F4160E00106039 /* CoreText.framework in Frameworks */ = {isa = PBXBuildFile; fileRef = 83FD68FA17F4160D00106039 /* CoreText.framework */; };
		83FD68FD17F4163F00106039 /* OpenGLES.framework in Frameworks */ = {isa = PBXBuildFile; fileRef = 83FD68FC17F4163F00106039 /* OpenGLES.framework */; };
		83FD68FF17F4166A00106039 /* QuartzCore.framework in Frameworks */ = {isa = PBXBuildFile; fileRef = 83FD68FE17F4166A00106039 /* QuartzCore.framework */; };
		83FD690117F4168900106039 /* GLKit.framework in Frameworks */ = {isa = PBXBuildFile; fileRef = 83FD690017F4168900106039 /* GLKit.framework */; };
		E15DFA371A1351E500252CF8 /* BDVoiceRecognitionClientResources in Resources */ = {isa = PBXBuildFile; fileRef = E15DFA361A1351E500252CF8 /* BDVoiceRecognitionClientResources */; };
/* End PBXBuildFile section */

/* Begin PBXFileReference section */
		1813506F181EC65B0093ECDA /* BDVRConstants.h */ = {isa = PBXFileReference; fileEncoding = 4; lastKnownFileType = sourcecode.c.h; path = BDVRConstants.h; sourceTree = "<group>"; };
		181DA9DD1B0CC91100584174 /* s_1 */ = {isa = PBXFileReference; lastKnownFileType = file; path = s_1; sourceTree = "<group>"; };
		181DA9DE1B0CC91100584174 /* s_2_InputMethod */ = {isa = PBXFileReference; lastKnownFileType = file; path = s_2_InputMethod; sourceTree = "<group>"; };
		181DA9DF1B0CC91100584174 /* s_2_Navi */ = {isa = PBXFileReference; lastKnownFileType = file; path = s_2_Navi; sourceTree = "<group>"; };
		181DA9E11B0CC91100584174 /* bdasr_temp_license.dat */ = {isa = PBXFileReference; fileEncoding = 4; lastKnownFileType = text; path = bdasr_temp_license.dat; sourceTree = "<group>"; };
		187E97CB183A184900FE4140 /* BDVRFileRecognizer.h */ = {isa = PBXFileReference; fileEncoding = 4; lastKnownFileType = sourcecode.c.h; path = BDVRFileRecognizer.h; sourceTree = "<group>"; };
		187E97CC183A184900FE4140 /* BDVRRawDataRecognizer.h */ = {isa = PBXFileReference; fileEncoding = 4; lastKnownFileType = sourcecode.c.h; path = BDVRRawDataRecognizer.h; sourceTree = "<group>"; };
		187E9A2F183B088700FE4140 /* example_localRecord.pcm */ = {isa = PBXFileReference; lastKnownFileType = file; path = example_localRecord.pcm; sourceTree = "<group>"; };
		18A96942186731CC00428196 /* CADebugMacros.cpp */ = {isa = PBXFileReference; fileEncoding = 4; lastKnownFileType = sourcecode.cpp.cpp; path = CADebugMacros.cpp; sourceTree = "<group>"; };
		18A96943186731CC00428196 /* CADebugMacros.h */ = {isa = PBXFileReference; fileEncoding = 4; lastKnownFileType = sourcecode.c.h; path = CADebugMacros.h; sourceTree = "<group>"; };
		18A96944186731CC00428196 /* CAMath.h */ = {isa = PBXFileReference; fileEncoding = 4; lastKnownFileType = sourcecode.c.h; path = CAMath.h; sourceTree = "<group>"; };
		18A96945186731CC00428196 /* CAStreamBasicDescription.cpp */ = {isa = PBXFileReference; fileEncoding = 4; lastKnownFileType = sourcecode.cpp.cpp; path = CAStreamBasicDescription.cpp; sourceTree = "<group>"; };
		18A96946186731CC00428196 /* CAStreamBasicDescription.h */ = {isa = PBXFileReference; fileEncoding = 4; lastKnownFileType = sourcecode.c.h; path = CAStreamBasicDescription.h; sourceTree = "<group>"; };
		18A96947186731CC00428196 /* CAXException.cpp */ = {isa = PBXFileReference; fileEncoding = 4; lastKnownFileType = sourcecode.cpp.cpp; path = CAXException.cpp; sourceTree = "<group>"; };
		18A96948186731CC00428196 /* CAXException.h */ = {isa = PBXFileReference; fileEncoding = 4; lastKnownFileType = sourcecode.c.h; path = CAXException.h; sourceTree = "<group>"; };
		18B2D00A191BB98000771137 /* libBDVoiceRecognitionClient.a */ = {isa = PBXFileReference; lastKnownFileType = archive.ar; path = libBDVoiceRecognitionClient.a; sourceTree = "<group>"; };
		18BFE8C719B980E200967F41 /* BDVRDataUploader.h */ = {isa = PBXFileReference; fileEncoding = 4; lastKnownFileType = sourcecode.c.h; path = BDVRDataUploader.h; sourceTree = "<group>"; };
		18BFE8C819B980E200967F41 /* BDVRUIPromptTextCustom.h */ = {isa = PBXFileReference; fileEncoding = 4; lastKnownFileType = sourcecode.c.h; path = BDVRUIPromptTextCustom.h; sourceTree = "<group>"; };
		30BE12881B2974F100C27525 /* CoreTelephony.framework */ = {isa = PBXFileReference; lastKnownFileType = wrapper.framework; name = CoreTelephony.framework; path = System/Library/Frameworks/CoreTelephony.framework; sourceTree = SDKROOT; };
		830BEB52180BC56400FB7803 /* TTTAttributedLabel.h */ = {isa = PBXFileReference; fileEncoding = 4; lastKnownFileType = sourcecode.c.h; path = TTTAttributedLabel.h; sourceTree = "<group>"; };
		830BEB53180BC56400FB7803 /* TTTAttributedLabel.m */ = {isa = PBXFileReference; fileEncoding = 4; lastKnownFileType = sourcecode.c.objc; path = TTTAttributedLabel.m; sourceTree = "<group>"; };
		830BEB57180BD36100FB7803 /* icon.png */ = {isa = PBXFileReference; lastKnownFileType = image.png; path = icon.png; sourceTree = "<group>"; };
		830BEB58180BD36100FB7803 /* icon@2x.png */ = {isa = PBXFileReference; lastKnownFileType = image.png; path = "icon@2x.png"; sourceTree = "<group>"; };
		830BEB5B180C04E800FB7803 /* BDVRPickerTableViewCell.h */ = {isa = PBXFileReference; fileEncoding = 4; lastKnownFileType = sourcecode.c.h; path = BDVRPickerTableViewCell.h; sourceTree = "<group>"; };
		830BEB5C180C04E800FB7803 /* BDVRPickerTableViewCell.m */ = {isa = PBXFileReference; fileEncoding = 4; lastKnownFileType = sourcecode.c.objc; path = BDVRPickerTableViewCell.m; sourceTree = "<group>"; };
		832D56F617F1621E00D3FD82 /* BDVRClientSample.app */ = {isa = PBXFileReference; explicitFileType = wrapper.application; includeInIndex = 0; path = BDVRClientSample.app; sourceTree = BUILT_PRODUCTS_DIR; };
		832D56F917F1621E00D3FD82 /* UIKit.framework */ = {isa = PBXFileReference; lastKnownFileType = wrapper.framework; name = UIKit.framework; path = System/Library/Frameworks/UIKit.framework; sourceTree = SDKROOT; };
		832D56FB17F1621E00D3FD82 /* Foundation.framework */ = {isa = PBXFileReference; lastKnownFileType = wrapper.framework; name = Foundation.framework; path = System/Library/Frameworks/Foundation.framework; sourceTree = SDKROOT; };
		832D56FD17F1621E00D3FD82 /* CoreGraphics.framework */ = {isa = PBXFileReference; lastKnownFileType = wrapper.framework; name = CoreGraphics.framework; path = System/Library/Frameworks/CoreGraphics.framework; sourceTree = SDKROOT; };
		832D570117F1621E00D3FD82 /* BDVRClientSample-Info.plist */ = {isa = PBXFileReference; lastKnownFileType = text.plist.xml; path = "BDVRClientSample-Info.plist"; sourceTree = "<group>"; };
		832D570317F1621E00D3FD82 /* en */ = {isa = PBXFileReference; lastKnownFileType = text.plist.strings; name = en; path = en.lproj/InfoPlist.strings; sourceTree = "<group>"; };
		832D570517F1621E00D3FD82 /* main.m */ = {isa = PBXFileReference; lastKnownFileType = sourcecode.c.objc; path = main.m; sourceTree = "<group>"; };
		832D570717F1621E00D3FD82 /* BDVRClientSample-Prefix.pch */ = {isa = PBXFileReference; lastKnownFileType = sourcecode.c.h; path = "BDVRClientSample-Prefix.pch"; sourceTree = "<group>"; };
		832D570B17F1621E00D3FD82 /* Default.png */ = {isa = PBXFileReference; lastKnownFileType = image.png; path = Default.png; sourceTree = "<group>"; };
		832D570D17F1621E00D3FD82 /* Default@2x.png */ = {isa = PBXFileReference; lastKnownFileType = image.png; path = "Default@2x.png"; sourceTree = "<group>"; };
		832D570F17F1621E00D3FD82 /* Default-568h@2x.png */ = {isa = PBXFileReference; lastKnownFileType = image.png; path = "Default-568h@2x.png"; sourceTree = "<group>"; };
		832D571517F1621E00D3FD82 /* en */ = {isa = PBXFileReference; lastKnownFileType = file.xib; name = en; path = en.lproj/BDVRViewController.xib; sourceTree = "<group>"; };
		832D571D17F165F100D3FD82 /* BDVRAppDelegate.h */ = {isa = PBXFileReference; fileEncoding = 4; lastKnownFileType = sourcecode.c.h; path = BDVRAppDelegate.h; sourceTree = "<group>"; };
		832D571E17F165F100D3FD82 /* BDVRAppDelegate.m */ = {isa = PBXFileReference; fileEncoding = 4; lastKnownFileType = sourcecode.c.objc; path = BDVRAppDelegate.m; sourceTree = "<group>"; };
		832D572117F165F100D3FD82 /* BDVRSettingViewController.h */ = {isa = PBXFileReference; fileEncoding = 4; lastKnownFileType = sourcecode.c.h; path = BDVRSettingViewController.h; sourceTree = "<group>"; };
		832D572217F165F100D3FD82 /* BDVRSettingViewController.m */ = {isa = PBXFileReference; fileEncoding = 4; lastKnownFileType = sourcecode.c.objc; path = BDVRSettingViewController.m; sourceTree = "<group>"; };
		832D572317F165F100D3FD82 /* BDVRViewController.h */ = {isa = PBXFileReference; fileEncoding = 4; lastKnownFileType = sourcecode.c.h; path = BDVRViewController.h; sourceTree = "<group>"; };
		832D572417F165F100D3FD82 /* BDVRViewController.m */ = {isa = PBXFileReference; fileEncoding = 4; lastKnownFileType = sourcecode.c.objc; path = BDVRViewController.m; sourceTree = "<group>"; };
		832D572817F166FE00D3FD82 /* BDVRSConfig.h */ = {isa = PBXFileReference; fileEncoding = 4; lastKnownFileType = sourcecode.c.h; path = BDVRSConfig.h; sourceTree = "<group>"; };
		832D572917F166FE00D3FD82 /* BDVRSConfig.m */ = {isa = PBXFileReference; fileEncoding = 4; lastKnownFileType = sourcecode.c.objc; path = BDVRSConfig.m; sourceTree = "<group>"; };
		832D575E17F1692A00D3FD82 /* CFNetwork.framework */ = {isa = PBXFileReference; lastKnownFileType = wrapper.framework; name = CFNetwork.framework; path = System/Library/Frameworks/CFNetwork.framework; sourceTree = SDKROOT; };
		832D576017F1693000D3FD82 /* AVFoundation.framework */ = {isa = PBXFileReference; lastKnownFileType = wrapper.framework; name = AVFoundation.framework; path = System/Library/Frameworks/AVFoundation.framework; sourceTree = SDKROOT; };
		832D576217F1693800D3FD82 /* AudioToolbox.framework */ = {isa = PBXFileReference; lastKnownFileType = wrapper.framework; name = AudioToolbox.framework; path = System/Library/Frameworks/AudioToolbox.framework; sourceTree = SDKROOT; };
		832D576417F1694200D3FD82 /* Security.framework */ = {isa = PBXFileReference; lastKnownFileType = wrapper.framework; name = Security.framework; path = System/Library/Frameworks/Security.framework; sourceTree = SDKROOT; };
		832D576617F1694A00D3FD82 /* libz.1.2.5.dylib */ = {isa = PBXFileReference; lastKnownFileType = "compiled.mach-o.dylib"; name = libz.1.2.5.dylib; path = usr/lib/libz.1.2.5.dylib; sourceTree = SDKROOT; };
		832D576817F1696500D3FD82 /* SystemConfiguration.framework */ = {isa = PBXFileReference; lastKnownFileType = wrapper.framework; name = SystemConfiguration.framework; path = System/Library/Frameworks/SystemConfiguration.framework; sourceTree = SDKROOT; };
		832D576A17F1698700D3FD82 /* MobileCoreServices.framework */ = {isa = PBXFileReference; lastKnownFileType = wrapper.framework; name = MobileCoreServices.framework; path = System/Library/Frameworks/MobileCoreServices.framework; sourceTree = SDKROOT; };
		832D576C17F16B3700D3FD82 /* Localizable.strings */ = {isa = PBXFileReference; fileEncoding = 4; lastKnownFileType = text.plist.strings; path = Localizable.strings; sourceTree = "<group>"; };
		833DB9F118152B5F006E160E /* zh-Hans */ = {isa = PBXFileReference; lastKnownFileType = text.plist.strings; name = "zh-Hans"; path = "zh-Hans.lproj/InfoPlist.strings"; sourceTree = "<group>"; };
		83E227B917F419E50049A216 /* bdvrclosed.png */ = {isa = PBXFileReference; lastKnownFileType = image.png; path = bdvrclosed.png; sourceTree = "<group>"; };
		83E227BA17F419E50049A216 /* bdvrclosed@2x.png */ = {isa = PBXFileReference; lastKnownFileType = image.png; path = "bdvrclosed@2x.png"; sourceTree = "<group>"; };
		83E227BB17F419E50049A216 /* bdvrclosed_highlight.png */ = {isa = PBXFileReference; lastKnownFileType = image.png; path = bdvrclosed_highlight.png; sourceTree = "<group>"; };
		83E227BC17F419E50049A216 /* bdvrclosed_highlight@2x.png */ = {isa = PBXFileReference; lastKnownFileType = image.png; path = "bdvrclosed_highlight@2x.png"; sourceTree = "<group>"; };
		83E227BD17F419E50049A216 /* bdvrdialoganmition_mask@2x.png */ = {isa = PBXFileReference; lastKnownFileType = image.png; path = "bdvrdialoganmition_mask@2x.png"; sourceTree = "<group>"; };
		83E227BE17F419E50049A216 /* bdvrdialogbg@2x.png */ = {isa = PBXFileReference; lastKnownFileType = image.png; path = "bdvrdialogbg@2x.png"; sourceTree = "<group>"; };
		83E227BF17F419E50049A216 /* bdvrleftbutton@2x.png */ = {isa = PBXFileReference; lastKnownFileType = image.png; path = "bdvrleftbutton@2x.png"; sourceTree = "<group>"; };
		83E227C017F419E50049A216 /* bdvrleftbutton_highlight.png */ = {isa = PBXFileReference; lastKnownFileType = image.png; path = bdvrleftbutton_highlight.png; sourceTree = "<group>"; };
		83E227C117F419E50049A216 /* bdvrleftbutton_highlight@2x.png */ = {isa = PBXFileReference; lastKnownFileType = image.png; path = "bdvrleftbutton_highlight@2x.png"; sourceTree = "<group>"; };
		83E227C217F419E50049A216 /* bdvrrightbtn.png */ = {isa = PBXFileReference; lastKnownFileType = image.png; path = bdvrrightbtn.png; sourceTree = "<group>"; };
		83E227C317F419E50049A216 /* bdvrrightbtn@2x.png */ = {isa = PBXFileReference; lastKnownFileType = image.png; path = "bdvrrightbtn@2x.png"; sourceTree = "<group>"; };
		83E227C417F419E50049A216 /* bdvrrightbtn_highlight.png */ = {isa = PBXFileReference; lastKnownFileType = image.png; path = bdvrrightbtn_highlight.png; sourceTree = "<group>"; };
		83E227C517F419E50049A216 /* bdvrrightbtn_highlight@2x.png */ = {isa = PBXFileReference; lastKnownFileType = image.png; path = "bdvrrightbtn_highlight@2x.png"; sourceTree = "<group>"; };
		83E227C617F419E50049A216 /* bdvrwholebtb@2x.png */ = {isa = PBXFileReference; lastKnownFileType = image.png; path = "bdvrwholebtb@2x.png"; sourceTree = "<group>"; };
		83E227C717F419E50049A216 /* bdvrwholebtn_highlight.png */ = {isa = PBXFileReference; lastKnownFileType = image.png; path = bdvrwholebtn_highlight.png; sourceTree = "<group>"; };
		83E227C817F419E50049A216 /* bdvrwholebtn_highlight@2x.png */ = {isa = PBXFileReference; lastKnownFileType = image.png; path = "bdvrwholebtn_highlight@2x.png"; sourceTree = "<group>"; };
		83E227DE17F4222A0049A216 /* BDVRCustomRecognitonViewController.h */ = {isa = PBXFileReference; fileEncoding = 4; lastKnownFileType = sourcecode.c.h; path = BDVRCustomRecognitonViewController.h; sourceTree = "<group>"; };
		83E227DF17F4222A0049A216 /* BDVRCustomRecognitonViewController.mm */ = {isa = PBXFileReference; fileEncoding = 4; lastKnownFileType = sourcecode.cpp.objcpp; path = BDVRCustomRecognitonViewController.mm; sourceTree = "<group>"; };
		83E227E017F4222A0049A216 /* BDVRClientUIManager.h */ = {isa = PBXFileReference; fileEncoding = 4; lastKnownFileType = sourcecode.c.h; path = BDVRClientUIManager.h; sourceTree = "<group>"; };
		83E227E117F4222A0049A216 /* BDVRClientUIManager.m */ = {isa = PBXFileReference; fileEncoding = 4; lastKnownFileType = sourcecode.c.objc; path = BDVRClientUIManager.m; sourceTree = "<group>"; };
		83E227E817F428880049A216 /* microphone@2x.png */ = {isa = PBXFileReference; lastKnownFileType = image.png; path = "microphone@2x.png"; sourceTree = "<group>"; };
		83E227E917F428880049A216 /* recognitionBackground@2x.png */ = {isa = PBXFileReference; lastKnownFileType = image.png; path = "recognitionBackground@2x.png"; sourceTree = "<group>"; };
		83E227EA17F428880049A216 /* recognitionIcon@2x.png */ = {isa = PBXFileReference; lastKnownFileType = image.png; path = "recognitionIcon@2x.png"; sourceTree = "<group>"; };
		83E227EB17F428880049A216 /* recordBackground@2x.png */ = {isa = PBXFileReference; lastKnownFileType = image.png; path = "recordBackground@2x.png"; sourceTree = "<group>"; };
		83E227F017F42BC10049A216 /* microphone.png */ = {isa = PBXFileReference; lastKnownFileType = image.png; path = microphone.png; sourceTree = "<group>"; };
		83E227F117F42BC10049A216 /* recognitionBackground.png */ = {isa = PBXFileReference; lastKnownFileType = image.png; path = recognitionBackground.png; sourceTree = "<group>"; };
		83E227F217F42BC10049A216 /* recognitionIcon.png */ = {isa = PBXFileReference; lastKnownFileType = image.png; path = recognitionIcon.png; sourceTree = "<group>"; };
		83E227F317F42BC10049A216 /* recordBackground.png */ = {isa = PBXFileReference; lastKnownFileType = image.png; path = recordBackground.png; sourceTree = "<group>"; };
		83E2280B17F4755C0049A216 /* BDTheme.h */ = {isa = PBXFileReference; fileEncoding = 4; lastKnownFileType = sourcecode.c.h; path = BDTheme.h; sourceTree = "<group>"; };
		83FD68F417F4096500106039 /* BDRecognizerViewController.h */ = {isa = PBXFileReference; fileEncoding = 4; lastKnownFileType = sourcecode.c.h; path = BDRecognizerViewController.h; sourceTree = "<group>"; };
		83FD68F517F4096500106039 /* BDRecognizerViewDelegate.h */ = {isa = PBXFileReference; fileEncoding = 4; lastKnownFileType = sourcecode.c.h; path = BDRecognizerViewDelegate.h; sourceTree = "<group>"; };
		83FD68F617F4096500106039 /* BDRecognizerViewParamsObject.h */ = {isa = PBXFileReference; fileEncoding = 4; lastKnownFileType = sourcecode.c.h; path = BDRecognizerViewParamsObject.h; sourceTree = "<group>"; };
		83FD68F717F4096500106039 /* BDVoiceRecognitionClient.h */ = {isa = PBXFileReference; fileEncoding = 4; lastKnownFileType = sourcecode.c.h; path = BDVoiceRecognitionClient.h; sourceTree = "<group>"; };
		83FD68FA17F4160D00106039 /* CoreText.framework */ = {isa = PBXFileReference; lastKnownFileType = wrapper.framework; name = CoreText.framework; path = System/Library/Frameworks/CoreText.framework; sourceTree = SDKROOT; };
		83FD68FC17F4163F00106039 /* OpenGLES.framework */ = {isa = PBXFileReference; lastKnownFileType = wrapper.framework; name = OpenGLES.framework; path = System/Library/Frameworks/OpenGLES.framework; sourceTree = SDKROOT; };
		83FD68FE17F4166A00106039 /* QuartzCore.framework */ = {isa = PBXFileReference; lastKnownFileType = wrapper.framework; name = QuartzCore.framework; path = System/Library/Frameworks/QuartzCore.framework; sourceTree = SDKROOT; };
		83FD690017F4168900106039 /* GLKit.framework */ = {isa = PBXFileReference; lastKnownFileType = wrapper.framework; name = GLKit.framework; path = System/Library/Frameworks/GLKit.framework; sourceTree = SDKROOT; };
		E15DFA361A1351E500252CF8 /* BDVoiceRecognitionClientResources */ = {isa = PBXFileReference; lastKnownFileType = folder; name = BDVoiceRecognitionClientResources; path = libBDVoiceRecognitionClient/BDVoiceRecognitionClientResources; sourceTree = SOURCE_ROOT; };
/* End PBXFileReference section */

/* Begin PBXFrameworksBuildPhase section */
		832D56F317F1621E00D3FD82 /* Frameworks */ = {
			isa = PBXFrameworksBuildPhase;
			buildActionMask = 2147483647;
			files = (
				30BE12891B2974F100C27525 /* CoreTelephony.framework in Frameworks */,
				18B2D00C191BB9C800771137 /* libBDVoiceRecognitionClient.a in Frameworks */,
				83FD690117F4168900106039 /* GLKit.framework in Frameworks */,
				83FD68FF17F4166A00106039 /* QuartzCore.framework in Frameworks */,
				83FD68FD17F4163F00106039 /* OpenGLES.framework in Frameworks */,
				83FD68FB17F4160E00106039 /* CoreText.framework in Frameworks */,
				832D576B17F1698700D3FD82 /* MobileCoreServices.framework in Frameworks */,
				832D576917F1696600D3FD82 /* SystemConfiguration.framework in Frameworks */,
				832D576717F1694A00D3FD82 /* libz.1.2.5.dylib in Frameworks */,
				832D576517F1694200D3FD82 /* Security.framework in Frameworks */,
				832D576317F1693800D3FD82 /* AudioToolbox.framework in Frameworks */,
				832D576117F1693000D3FD82 /* AVFoundation.framework in Frameworks */,
				832D575F17F1692A00D3FD82 /* CFNetwork.framework in Frameworks */,
				832D56FA17F1621E00D3FD82 /* UIKit.framework in Frameworks */,
				832D56FC17F1621E00D3FD82 /* Foundation.framework in Frameworks */,
				832D56FE17F1621E00D3FD82 /* CoreGraphics.framework in Frameworks */,
			);
			runOnlyForDeploymentPostprocessing = 0;
		};
/* End PBXFrameworksBuildPhase section */

/* Begin PBXGroup section */
		181DA9DC1B0CC91100584174 /* Data */ = {
			isa = PBXGroup;
			children = (
				181DA9DD1B0CC91100584174 /* s_1 */,
				181DA9DE1B0CC91100584174 /* s_2_InputMethod */,
				181DA9DF1B0CC91100584174 /* s_2_Navi */,
			);
			path = Data;
			sourceTree = "<group>";
		};
		181DA9E01B0CC91100584174 /* License */ = {
			isa = PBXGroup;
			children = (
				181DA9E11B0CC91100584174 /* bdasr_temp_license.dat */,
			);
			path = License;
			sourceTree = "<group>";
		};
		18A96941186731CC00428196 /* CoreAudioUtility */ = {
			isa = PBXGroup;
			children = (
				18A96942186731CC00428196 /* CADebugMacros.cpp */,
				18A96943186731CC00428196 /* CADebugMacros.h */,
				18A96944186731CC00428196 /* CAMath.h */,
				18A96945186731CC00428196 /* CAStreamBasicDescription.cpp */,
				18A96946186731CC00428196 /* CAStreamBasicDescription.h */,
				18A96947186731CC00428196 /* CAXException.cpp */,
				18A96948186731CC00428196 /* CAXException.h */,
			);
			path = CoreAudioUtility;
			sourceTree = "<group>";
		};
		830BEB51180BC56400FB7803 /* TTTAttributedLabel */ = {
			isa = PBXGroup;
			children = (
				830BEB52180BC56400FB7803 /* TTTAttributedLabel.h */,
				830BEB53180BC56400FB7803 /* TTTAttributedLabel.m */,
			);
			path = TTTAttributedLabel;
			sourceTree = "<group>";
		};
		832D56ED17F1621E00D3FD82 = {
			isa = PBXGroup;
			children = (
				832D56FF17F1621E00D3FD82 /* BDVRClientSample */,
				832D56F817F1621E00D3FD82 /* Frameworks */,
				832D56F717F1621E00D3FD82 /* Products */,
			);
			sourceTree = "<group>";
		};
		832D56F717F1621E00D3FD82 /* Products */ = {
			isa = PBXGroup;
			children = (
				832D56F617F1621E00D3FD82 /* BDVRClientSample.app */,
			);
			name = Products;
			sourceTree = "<group>";
		};
		832D56F817F1621E00D3FD82 /* Frameworks */ = {
			isa = PBXGroup;
			children = (
				30BE12881B2974F100C27525 /* CoreTelephony.framework */,
				83FD690017F4168900106039 /* GLKit.framework */,
				83FD68FE17F4166A00106039 /* QuartzCore.framework */,
				83FD68FC17F4163F00106039 /* OpenGLES.framework */,
				83FD68FA17F4160D00106039 /* CoreText.framework */,
				832D576217F1693800D3FD82 /* AudioToolbox.framework */,
				832D576017F1693000D3FD82 /* AVFoundation.framework */,
				832D575E17F1692A00D3FD82 /* CFNetwork.framework */,
				832D56FD17F1621E00D3FD82 /* CoreGraphics.framework */,
				832D56FB17F1621E00D3FD82 /* Foundation.framework */,
				832D576617F1694A00D3FD82 /* libz.1.2.5.dylib */,
				832D576A17F1698700D3FD82 /* MobileCoreServices.framework */,
				832D576417F1694200D3FD82 /* Security.framework */,
				832D576817F1696500D3FD82 /* SystemConfiguration.framework */,
				832D56F917F1621E00D3FD82 /* UIKit.framework */,
			);
			name = Frameworks;
			sourceTree = "<group>";
		};
		832D56FF17F1621E00D3FD82 /* BDVRClientSample */ = {
			isa = PBXGroup;
			children = (
				832D571C17F165F100D3FD82 /* Classes */,
				83E227B217F419E50049A216 /* Resources */,
				832D570017F1621E00D3FD82 /* Supporting Files */,
			);
			path = BDVRClientSample;
			sourceTree = "<group>";
		};
		832D570017F1621E00D3FD82 /* Supporting Files */ = {
			isa = PBXGroup;
			children = (
				832D576C17F16B3700D3FD82 /* Localizable.strings */,
				832D570117F1621E00D3FD82 /* BDVRClientSample-Info.plist */,
				832D570217F1621E00D3FD82 /* InfoPlist.strings */,
				832D570517F1621E00D3FD82 /* main.m */,
				832D570717F1621E00D3FD82 /* BDVRClientSample-Prefix.pch */,
				832D570B17F1621E00D3FD82 /* Default.png */,
				832D570D17F1621E00D3FD82 /* Default@2x.png */,
				832D570F17F1621E00D3FD82 /* Default-568h@2x.png */,
			);
			name = "Supporting Files";
			sourceTree = "<group>";
		};
		832D571C17F165F100D3FD82 /* Classes */ = {
			isa = PBXGroup;
			children = (
				1813506F181EC65B0093ECDA /* BDVRConstants.h */,
				832D572817F166FE00D3FD82 /* BDVRSConfig.h */,
				832D572917F166FE00D3FD82 /* BDVRSConfig.m */,
				832D571D17F165F100D3FD82 /* BDVRAppDelegate.h */,
				832D571E17F165F100D3FD82 /* BDVRAppDelegate.m */,
				832D571F17F165F100D3FD82 /* Libs */,
				832D572017F165F100D3FD82 /* Views */,
			);
			path = Classes;
			sourceTree = "<group>";
		};
		832D571F17F165F100D3FD82 /* Libs */ = {
			isa = PBXGroup;
			children = (
				181DA9DC1B0CC91100584174 /* Data */,
				181DA9E01B0CC91100584174 /* License */,
				18A96941186731CC00428196 /* CoreAudioUtility */,
				83FD68F317F4096500106039 /* libBDVoiceRecognitionClient */,
				830BEB51180BC56400FB7803 /* TTTAttributedLabel */,
			);
			path = Libs;
			sourceTree = "<group>";
		};
		832D572017F165F100D3FD82 /* Views */ = {
			isa = PBXGroup;
			children = (
				830BEB5B180C04E800FB7803 /* BDVRPickerTableViewCell.h */,
				830BEB5C180C04E800FB7803 /* BDVRPickerTableViewCell.m */,
				83E227DD17F4222A0049A216 /* CustomRecognitionView */,
				832D572117F165F100D3FD82 /* BDVRSettingViewController.h */,
				832D572217F165F100D3FD82 /* BDVRSettingViewController.m */,
				832D572317F165F100D3FD82 /* BDVRViewController.h */,
				832D572417F165F100D3FD82 /* BDVRViewController.m */,
			);
			path = Views;
			sourceTree = "<group>";
		};
		83E227B217F419E50049A216 /* Resources */ = {
			isa = PBXGroup;
			children = (
				E15DFA361A1351E500252CF8 /* BDVoiceRecognitionClientResources */,
				187E9A2F183B088700FE4140 /* example_localRecord.pcm */,
				832D571417F1621E00D3FD82 /* BDVRViewController.xib */,
				83E227B717F419E50049A216 /* images */,
			);
			path = Resources;
			sourceTree = "<group>";
		};
		83E227B717F419E50049A216 /* images */ = {
			isa = PBXGroup;
			children = (
				830BEB57180BD36100FB7803 /* icon.png */,
				830BEB58180BD36100FB7803 /* icon@2x.png */,
				83E227E717F428880049A216 /* customRecognitionView */,
				83E227B817F419E50049A216 /* recognizerview */,
			);
			path = images;
			sourceTree = "<group>";
		};
		83E227B817F419E50049A216 /* recognizerview */ = {
			isa = PBXGroup;
			children = (
				83E227B917F419E50049A216 /* bdvrclosed.png */,
				83E227BA17F419E50049A216 /* bdvrclosed@2x.png */,
				83E227BB17F419E50049A216 /* bdvrclosed_highlight.png */,
				83E227BC17F419E50049A216 /* bdvrclosed_highlight@2x.png */,
				83E227BD17F419E50049A216 /* bdvrdialoganmition_mask@2x.png */,
				83E227BE17F419E50049A216 /* bdvrdialogbg@2x.png */,
				83E227BF17F419E50049A216 /* bdvrleftbutton@2x.png */,
				83E227C017F419E50049A216 /* bdvrleftbutton_highlight.png */,
				83E227C117F419E50049A216 /* bdvrleftbutton_highlight@2x.png */,
				83E227C217F419E50049A216 /* bdvrrightbtn.png */,
				83E227C317F419E50049A216 /* bdvrrightbtn@2x.png */,
				83E227C417F419E50049A216 /* bdvrrightbtn_highlight.png */,
				83E227C517F419E50049A216 /* bdvrrightbtn_highlight@2x.png */,
				83E227C617F419E50049A216 /* bdvrwholebtb@2x.png */,
				83E227C717F419E50049A216 /* bdvrwholebtn_highlight.png */,
				83E227C817F419E50049A216 /* bdvrwholebtn_highlight@2x.png */,
			);
			path = recognizerview;
			sourceTree = "<group>";
		};
		83E227DD17F4222A0049A216 /* CustomRecognitionView */ = {
			isa = PBXGroup;
			children = (
				83E227DE17F4222A0049A216 /* BDVRCustomRecognitonViewController.h */,
				83E227DF17F4222A0049A216 /* BDVRCustomRecognitonViewController.mm */,
				83E227E017F4222A0049A216 /* BDVRClientUIManager.h */,
				83E227E117F4222A0049A216 /* BDVRClientUIManager.m */,
			);
			path = CustomRecognitionView;
			sourceTree = "<group>";
		};
		83E227E717F428880049A216 /* customRecognitionView */ = {
			isa = PBXGroup;
			children = (
				83E227F017F42BC10049A216 /* microphone.png */,
				83E227E817F428880049A216 /* microphone@2x.png */,
				83E227F117F42BC10049A216 /* recognitionBackground.png */,
				83E227E917F428880049A216 /* recognitionBackground@2x.png */,
				83E227F217F42BC10049A216 /* recognitionIcon.png */,
				83E227EA17F428880049A216 /* recognitionIcon@2x.png */,
				83E227F317F42BC10049A216 /* recordBackground.png */,
				83E227EB17F428880049A216 /* recordBackground@2x.png */,
			);
			path = customRecognitionView;
			sourceTree = "<group>";
		};
		83FD68F317F4096500106039 /* libBDVoiceRecognitionClient */ = {
			isa = PBXGroup;
			children = (
				18BFE8C719B980E200967F41 /* BDVRDataUploader.h */,
				18BFE8C819B980E200967F41 /* BDVRUIPromptTextCustom.h */,
				18B2D00A191BB98000771137 /* libBDVoiceRecognitionClient.a */,
				187E97CB183A184900FE4140 /* BDVRFileRecognizer.h */,
				187E97CC183A184900FE4140 /* BDVRRawDataRecognizer.h */,
				83FD68F417F4096500106039 /* BDRecognizerViewController.h */,
				83FD68F517F4096500106039 /* BDRecognizerViewDelegate.h */,
				83FD68F617F4096500106039 /* BDRecognizerViewParamsObject.h */,
				83E2280B17F4755C0049A216 /* BDTheme.h */,
				83FD68F717F4096500106039 /* BDVoiceRecognitionClient.h */,
			);
			path = libBDVoiceRecognitionClient;
			sourceTree = SOURCE_ROOT;
		};
/* End PBXGroup section */

/* Begin PBXNativeTarget section */
		832D56F517F1621E00D3FD82 /* BDVRClientSample */ = {
			isa = PBXNativeTarget;
			buildConfigurationList = 832D571917F1621E00D3FD82 /* Build configuration list for PBXNativeTarget "BDVRClientSample" */;
			buildPhases = (
				832D56F217F1621E00D3FD82 /* Sources */,
				832D56F317F1621E00D3FD82 /* Frameworks */,
				832D56F417F1621E00D3FD82 /* Resources */,
			);
			buildRules = (
			);
			dependencies = (
			);
			name = BDVRClientSample;
			productName = BDVRClientSample;
			productReference = 832D56F617F1621E00D3FD82 /* BDVRClientSample.app */;
			productType = "com.apple.product-type.application";
		};
/* End PBXNativeTarget section */

/* Begin PBXProject section */
		832D56EE17F1621E00D3FD82 /* Project object */ = {
			isa = PBXProject;
			attributes = {
				CLASSPREFIX = BDVR;
				LastUpgradeCheck = 0460;
				ORGANIZATIONNAME = Baidu;
			};
			buildConfigurationList = 832D56F117F1621E00D3FD82 /* Build configuration list for PBXProject "BDVRClientSample" */;
			compatibilityVersion = "Xcode 3.2";
			developmentRegion = English;
			hasScannedForEncodings = 0;
			knownRegions = (
				en,
				"zh-Hans",
			);
			mainGroup = 832D56ED17F1621E00D3FD82;
			productRefGroup = 832D56F717F1621E00D3FD82 /* Products */;
			projectDirPath = "";
			projectRoot = "";
			targets = (
				832D56F517F1621E00D3FD82 /* BDVRClientSample */,
			);
		};
/* End PBXProject section */

/* Begin PBXResourcesBuildPhase section */
		832D56F417F1621E00D3FD82 /* Resources */ = {
			isa = PBXResourcesBuildPhase;
			buildActionMask = 2147483647;
			files = (
				832D570417F1621E00D3FD82 /* InfoPlist.strings in Resources */,
				832D570C17F1621E00D3FD82 /* Default.png in Resources */,
				181DA9E21B0CC91100584174 /* s_1 in Resources */,
				832D570E17F1621E00D3FD82 /* Default@2x.png in Resources */,
				181DA9E51B0CC91100584174 /* bdasr_temp_license.dat in Resources */,
				832D571017F1621E00D3FD82 /* Default-568h@2x.png in Resources */,
				832D571617F1621E00D3FD82 /* BDVRViewController.xib in Resources */,
				832D576D17F16B3700D3FD82 /* Localizable.strings in Resources */,
				83E227CB17F419E50049A216 /* bdvrclosed.png in Resources */,
				83E227CC17F419E50049A216 /* bdvrclosed@2x.png in Resources */,
				83E227CD17F419E50049A216 /* bdvrclosed_highlight.png in Resources */,
				83E227CE17F419E50049A216 /* bdvrclosed_highlight@2x.png in Resources */,
				181DA9E41B0CC91100584174 /* s_2_Navi in Resources */,
				83E227CF17F419E50049A216 /* bdvrdialoganmition_mask@2x.png in Resources */,
				83E227D017F419E50049A216 /* bdvrdialogbg@2x.png in Resources */,
				83E227D117F419E50049A216 /* bdvrleftbutton@2x.png in Resources */,
				83E227D217F419E50049A216 /* bdvrleftbutton_highlight.png in Resources */,
				83E227D317F419E50049A216 /* bdvrleftbutton_highlight@2x.png in Resources */,
				83E227D417F419E50049A216 /* bdvrrightbtn.png in Resources */,
				83E227D517F419E50049A216 /* bdvrrightbtn@2x.png in Resources */,
				83E227D617F419E50049A216 /* bdvrrightbtn_highlight.png in Resources */,
				83E227D717F419E50049A216 /* bdvrrightbtn_highlight@2x.png in Resources */,
				83E227D817F419E50049A216 /* bdvrwholebtb@2x.png in Resources */,
				187E9A30183B088700FE4140 /* example_localRecord.pcm in Resources */,
				83E227D917F419E50049A216 /* bdvrwholebtn_highlight.png in Resources */,
				83E227DA17F419E50049A216 /* bdvrwholebtn_highlight@2x.png in Resources */,
				83E227EC17F428880049A216 /* microphone@2x.png in Resources */,
				83E227ED17F428880049A216 /* recognitionBackground@2x.png in Resources */,
				83E227EE17F428880049A216 /* recognitionIcon@2x.png in Resources */,
				181DA9E31B0CC91100584174 /* s_2_InputMethod in Resources */,
				E15DFA371A1351E500252CF8 /* BDVoiceRecognitionClientResources in Resources */,
				83E227EF17F428880049A216 /* recordBackground@2x.png in Resources */,
				83E227F417F42BC10049A216 /* microphone.png in Resources */,
				83E227F517F42BC10049A216 /* recognitionBackground.png in Resources */,
				83E227F617F42BC10049A216 /* recognitionIcon.png in Resources */,
				83E227F717F42BC10049A216 /* recordBackground.png in Resources */,
				830BEB59180BD36100FB7803 /* icon.png in Resources */,
				830BEB5A180BD36100FB7803 /* icon@2x.png in Resources */,
			);
			runOnlyForDeploymentPostprocessing = 0;
		};
/* End PBXResourcesBuildPhase section */

/* Begin PBXSourcesBuildPhase section */
		832D56F217F1621E00D3FD82 /* Sources */ = {
			isa = PBXSourcesBuildPhase;
			buildActionMask = 2147483647;
			files = (
				18A9694B186731CC00428196 /* CAXException.cpp in Sources */,
				832D570617F1621E00D3FD82 /* main.m in Sources */,
				832D572517F165F100D3FD82 /* BDVRAppDelegate.m in Sources */,
				832D572617F165F100D3FD82 /* BDVRSettingViewController.m in Sources */,
				832D572717F165F100D3FD82 /* BDVRViewController.m in Sources */,
				832D572A17F166FE00D3FD82 /* BDVRSConfig.m in Sources */,
				83E227E417F4222A0049A216 /* BDVRCustomRecognitonViewController.mm in Sources */,
				83E227E517F4222A0049A216 /* BDVRClientUIManager.m in Sources */,
				830BEB54180BC56400FB7803 /* TTTAttributedLabel.m in Sources */,
				18A96949186731CC00428196 /* CADebugMacros.cpp in Sources */,
				830BEB5D180C04E800FB7803 /* BDVRPickerTableViewCell.m in Sources */,
				18A9694A186731CC00428196 /* CAStreamBasicDescription.cpp in Sources */,
			);
			runOnlyForDeploymentPostprocessing = 0;
		};
/* End PBXSourcesBuildPhase section */

/* Begin PBXVariantGroup section */
		832D570217F1621E00D3FD82 /* InfoPlist.strings */ = {
			isa = PBXVariantGroup;
			children = (
				832D570317F1621E00D3FD82 /* en */,
				833DB9F118152B5F006E160E /* zh-Hans */,
			);
			name = InfoPlist.strings;
			sourceTree = "<group>";
		};
		832D571417F1621E00D3FD82 /* BDVRViewController.xib */ = {
			isa = PBXVariantGroup;
			children = (
				832D571517F1621E00D3FD82 /* en */,
			);
			name = BDVRViewController.xib;
			path = ..;
			sourceTree = "<group>";
		};
/* End PBXVariantGroup section */

/* Begin XCBuildConfiguration section */
		8321149618082A8200ED6608 /* AdHoc */ = {
			isa = XCBuildConfiguration;
			buildSettings = {
				ALWAYS_SEARCH_USER_PATHS = NO;
				CLANG_CXX_LANGUAGE_STANDARD = "gnu++0x";
				CLANG_CXX_LIBRARY = "libc++";
				CLANG_WARN_CONSTANT_CONVERSION = YES;
				CLANG_WARN_EMPTY_BODY = YES;
				CLANG_WARN_ENUM_CONVERSION = YES;
				CLANG_WARN_INT_CONVERSION = YES;
				CLANG_WARN__DUPLICATE_METHOD_MATCH = YES;
				CODE_SIGN_IDENTITY = "iPhone Distribution: Baidu (China) Co., Ltd.";
				"CODE_SIGN_IDENTITY[sdk=iphoneos*]" = "iPhone Distribution: Baidu (China) Co., Ltd.";
				COPY_PHASE_STRIP = YES;
				ENABLE_BITCODE = NO;
				GCC_C_LANGUAGE_STANDARD = gnu99;
				GCC_WARN_ABOUT_RETURN_TYPE = YES;
				GCC_WARN_UNINITIALIZED_AUTOS = YES;
				GCC_WARN_UNUSED_VARIABLE = YES;
				IPHONEOS_DEPLOYMENT_TARGET = 5.0;
				OTHER_CFLAGS = "-DNS_BLOCK_ASSERTIONS=1";
				PROVISIONING_PROFILE = "C93D382F-5011-463D-86C7-230C6B590AE2";
				"PROVISIONING_PROFILE[sdk=iphoneos*]" = "C93D382F-5011-463D-86C7-230C6B590AE2";
				SDKROOT = iphoneos;
				VALIDATE_PRODUCT = YES;
			};
			name = AdHoc;
		};
		8321149718082A8200ED6608 /* AdHoc */ = {
			isa = XCBuildConfiguration;
			buildSettings = {
				CLANG_CXX_LIBRARY = "libc++";
				CLANG_WARN_DIRECT_OBJC_ISA_USAGE = NO;
				CODE_SIGN_IDENTITY = "iPhone Developer: Haiyuan Tang (CX9FD89CUQ)";
				"CODE_SIGN_IDENTITY[sdk=iphoneos*]" = "iPhone Developer: Haiyuan Tang (CX9FD89CUQ)";
				GCC_PRECOMPILE_PREFIX_HEADER = YES;
				GCC_PREFIX_HEADER = "BDVRClientSample/BDVRClientSample-Prefix.pch";
				INFOPLIST_FILE = "BDVRClientSample/BDVRClientSample-Info.plist";
				LIBRARY_SEARCH_PATHS = (
					"$(inherited)",
					"$(PROJECT_DIR)/libBDVoiceRecognitionClient",
				);
				OTHER_LDFLAGS = "-ObjC";
				PRODUCT_NAME = "$(TARGET_NAME)";
				PROVISIONING_PROFILE = "";
				"PROVISIONING_PROFILE[sdk=iphoneos*]" = "";
				WRAPPER_EXTENSION = app;
			};
			name = AdHoc;
		};
		832D571717F1621E00D3FD82 /* Debug */ = {
			isa = XCBuildConfiguration;
			buildSettings = {
				ALWAYS_SEARCH_USER_PATHS = NO;
				CLANG_CXX_LANGUAGE_STANDARD = "gnu++0x";
				CLANG_CXX_LIBRARY = "libc++";
				CLANG_WARN_CONSTANT_CONVERSION = YES;
				CLANG_WARN_EMPTY_BODY = YES;
				CLANG_WARN_ENUM_CONVERSION = YES;
				CLANG_WARN_INT_CONVERSION = YES;
				CLANG_WARN__DUPLICATE_METHOD_MATCH = YES;
				CODE_SIGN_IDENTITY = "iPhone Developer: Sixue Zhang (68MMUSAY3Y)";
				"CODE_SIGN_IDENTITY[sdk=iphoneos*]" = "iPhone Developer: Sixue Zhang (68MMUSAY3Y)";
				COPY_PHASE_STRIP = NO;
				ENABLE_BITCODE = NO;
				GCC_C_LANGUAGE_STANDARD = gnu99;
				GCC_DYNAMIC_NO_PIC = NO;
				GCC_OPTIMIZATION_LEVEL = 0;
				GCC_PREPROCESSOR_DEFINITIONS = (
					"DEBUG=1",
					"$(inherited)",
				);
				GCC_SYMBOLS_PRIVATE_EXTERN = NO;
				GCC_WARN_ABOUT_RETURN_TYPE = YES;
				GCC_WARN_UNINITIALIZED_AUTOS = YES;
				GCC_WARN_UNUSED_VARIABLE = YES;
				IPHONEOS_DEPLOYMENT_TARGET = 5.0;
				ONLY_ACTIVE_ARCH = YES;
				PROVISIONING_PROFILE = "A00C5537-5308-40B1-873E-4F1A37205E7F";
				"PROVISIONING_PROFILE[sdk=iphoneos*]" = "A00C5537-5308-40B1-873E-4F1A37205E7F";
				SDKROOT = iphoneos;
			};
			name = Debug;
		};
		832D571817F1621E00D3FD82 /* Release */ = {
			isa = XCBuildConfiguration;
			buildSettings = {
				ALWAYS_SEARCH_USER_PATHS = NO;
				CLANG_CXX_LANGUAGE_STANDARD = "gnu++0x";
				CLANG_CXX_LIBRARY = "libc++";
				CLANG_WARN_CONSTANT_CONVERSION = YES;
				CLANG_WARN_EMPTY_BODY = YES;
				CLANG_WARN_ENUM_CONVERSION = YES;
				CLANG_WARN_INT_CONVERSION = YES;
				CLANG_WARN__DUPLICATE_METHOD_MATCH = YES;
				CODE_SIGN_IDENTITY = "iPhone Developer: Sixue Zhang (68MMUSAY3Y)";
				"CODE_SIGN_IDENTITY[sdk=iphoneos*]" = "iPhone Developer: Sixue Zhang (68MMUSAY3Y)";
				COPY_PHASE_STRIP = YES;
				ENABLE_BITCODE = NO;
				GCC_C_LANGUAGE_STANDARD = gnu99;
				GCC_WARN_ABOUT_RETURN_TYPE = YES;
				GCC_WARN_UNINITIALIZED_AUTOS = YES;
				GCC_WARN_UNUSED_VARIABLE = YES;
				IPHONEOS_DEPLOYMENT_TARGET = 5.0;
				OTHER_CFLAGS = "-DNS_BLOCK_ASSERTIONS=1";
				PROVISIONING_PROFILE = "A00C5537-5308-40B1-873E-4F1A37205E7F";
				"PROVISIONING_PROFILE[sdk=iphoneos*]" = "A00C5537-5308-40B1-873E-4F1A37205E7F";
				SDKROOT = iphoneos;
				VALIDATE_PRODUCT = YES;
			};
			name = Release;
		};
		832D571A17F1621E00D3FD82 /* Debug */ = {
			isa = XCBuildConfiguration;
			buildSettings = {
				CLANG_CXX_LIBRARY = "libc++";
				CLANG_WARN_DIRECT_OBJC_ISA_USAGE = NO;
				CODE_SIGN_IDENTITY = "iPhone Developer: Haiyuan Tang (CX9FD89CUQ)";
				"CODE_SIGN_IDENTITY[sdk=iphoneos*]" = "iPhone Developer: Haiyuan Tang (CX9FD89CUQ)";
				GCC_PRECOMPILE_PREFIX_HEADER = YES;
				GCC_PREFIX_HEADER = "BDVRClientSample/BDVRClientSample-Prefix.pch";
				INFOPLIST_FILE = "BDVRClientSample/BDVRClientSample-Info.plist";
				LIBRARY_SEARCH_PATHS = (
					"$(inherited)",
					"$(PROJECT_DIR)/libBDVoiceRecognitionClient",
				);
				OTHER_LDFLAGS = "-ObjC";
				PRODUCT_NAME = "$(TARGET_NAME)";
				PROVISIONING_PROFILE = "";
				"PROVISIONING_PROFILE[sdk=iphoneos*]" = "";
				WRAPPER_EXTENSION = app;
			};
			name = Debug;
		};
		832D571B17F1621E00D3FD82 /* Release */ = {
			isa = XCBuildConfiguration;
			buildSettings = {
				CLANG_CXX_LIBRARY = "libc++";
				CLANG_WARN_DIRECT_OBJC_ISA_USAGE = NO;
				CODE_SIGN_IDENTITY = "iPhone Developer: Haiyuan Tang (CX9FD89CUQ)";
				"CODE_SIGN_IDENTITY[sdk=iphoneos*]" = "iPhone Developer: Haiyuan Tang (CX9FD89CUQ)";
				GCC_PRECOMPILE_PREFIX_HEADER = YES;
				GCC_PREFIX_HEADER = "BDVRClientSample/BDVRClientSample-Prefix.pch";
				INFOPLIST_FILE = "BDVRClientSample/BDVRClientSample-Info.plist";
				LIBRARY_SEARCH_PATHS = (
					"$(inherited)",
					"$(PROJECT_DIR)/libBDVoiceRecognitionClient",
				);
				OTHER_LDFLAGS = "-ObjC";
				PRODUCT_NAME = "$(TARGET_NAME)";
				PROVISIONING_PROFILE = "";
				"PROVISIONING_PROFILE[sdk=iphoneos*]" = "";
				WRAPPER_EXTENSION = app;
			};
			name = Release;
		};
/* End XCBuildConfiguration section */

/* Begin XCConfigurationList section */
		832D56F117F1621E00D3FD82 /* Build configuration list for PBXProject "BDVRClientSample" */ = {
			isa = XCConfigurationList;
			buildConfigurations = (
				832D571717F1621E00D3FD82 /* Debug */,
				832D571817F1621E00D3FD82 /* Release */,
				8321149618082A8200ED6608 /* AdHoc */,
			);
			defaultConfigurationIsVisible = 0;
			defaultConfigurationName = Release;
		};
		832D571917F1621E00D3FD82 /* Build configuration list for PBXNativeTarget "BDVRClientSample" */ = {
			isa = XCConfigurationList;
			buildConfigurations = (
				832D571A17F1621E00D3FD82 /* Debug */,
				832D571B17F1621E00D3FD82 /* Release */,
				8321149718082A8200ED6608 /* AdHoc */,
			);
			defaultConfigurationIsVisible = 0;
			defaultConfigurationName = Release;
		};
/* End XCConfigurationList section */
	};
	rootObject = 832D56EE17F1621E00D3FD82 /* Project object */;
}
